// !$*UTF8*$!
{
	archiveVersion = 1;
	classes = {
	};
	objectVersion = 56;
	objects = {

/* Begin PBXBuildFile section */
		710FADD92B6EC90D00945F60 /* myShake.swift in Sources */ = {isa = PBXBuildFile; fileRef = 710FADD82B6EC90C00945F60 /* myShake.swift */; };
		71AF14CB294D3A5F006FD2C8 /* GameTrackerrbqApp.swift in Sources */ = {isa = PBXBuildFile; fileRef = 71AF14CA294D3A5F006FD2C8 /* GameTrackerrbqApp.swift */; };
		71AF14CD294D3A5F006FD2C8 /* ContentView.swift in Sources */ = {isa = PBXBuildFile; fileRef = 71AF14CC294D3A5F006FD2C8 /* ContentView.swift */; };
		71AF14CF294D3A61006FD2C8 /* Assets.xcassets in Resources */ = {isa = PBXBuildFile; fileRef = 71AF14CE294D3A61006FD2C8 /* Assets.xcassets */; };
		71AF14D2294D3A61006FD2C8 /* Preview Assets.xcassets in Resources */ = {isa = PBXBuildFile; fileRef = 71AF14D1294D3A61006FD2C8 /* Preview Assets.xcassets */; };
		71AF14DB294D3CC4006FD2C8 /* AlertKit in Frameworks */ = {isa = PBXBuildFile; productRef = 71AF14DA294D3CC4006FD2C8 /* AlertKit */; };
		71AF14E1294E057A006FD2C8 /* MaintenanceView.swift in Sources */ = {isa = PBXBuildFile; fileRef = 71AF14DD294E057A006FD2C8 /* MaintenanceView.swift */; };
		71AF14E2294E057A006FD2C8 /* MenuDriver.swift in Sources */ = {isa = PBXBuildFile; fileRef = 71AF14DE294E057A006FD2C8 /* MenuDriver.swift */; };
		71AF14E3294E057A006FD2C8 /* LoginView.swift in Sources */ = {isa = PBXBuildFile; fileRef = 71AF14DF294E057A006FD2C8 /* LoginView.swift */; };
		71AF14E4294E057A006FD2C8 /* ReportingView.swift in Sources */ = {isa = PBXBuildFile; fileRef = 71AF14E0294E057A006FD2C8 /* ReportingView.swift */; };
		71AF14F7294E05EF006FD2C8 /* Logging.swift in Sources */ = {isa = PBXBuildFile; fileRef = 71AF14E6294E05EF006FD2C8 /* Logging.swift */; };
		71AF14F8294E05EF006FD2C8 /* StateManager.swift in Sources */ = {isa = PBXBuildFile; fileRef = 71AF14E7294E05EF006FD2C8 /* StateManager.swift */; };
		71AF14F9294E05EF006FD2C8 /* Logger.swift in Sources */ = {isa = PBXBuildFile; fileRef = 71AF14E8294E05EF006FD2C8 /* Logger.swift */; };
		71AF14FA294E05EF006FD2C8 /* DeviceRotation.swift in Sources */ = {isa = PBXBuildFile; fileRef = 71AF14E9294E05EF006FD2C8 /* DeviceRotation.swift */; };
		71AF14FB294E05EF006FD2C8 /* PopoverLink.swift in Sources */ = {isa = PBXBuildFile; fileRef = 71AF14EB294E05EF006FD2C8 /* PopoverLink.swift */; };
		71AF14FC294E05EF006FD2C8 /* PopoverBarView.swift in Sources */ = {isa = PBXBuildFile; fileRef = 71AF14EC294E05EF006FD2C8 /* PopoverBarView.swift */; };
		71AF14FD294E05EF006FD2C8 /* ButtonModifiers.swift in Sources */ = {isa = PBXBuildFile; fileRef = 71AF14ED294E05EF006FD2C8 /* ButtonModifiers.swift */; };
		71AF14FE294E05EF006FD2C8 /* myGradients.swift in Sources */ = {isa = PBXBuildFile; fileRef = 71AF14EE294E05EF006FD2C8 /* myGradients.swift */; };
		71AF14FF294E05EF006FD2C8 /* SearchBar.swift in Sources */ = {isa = PBXBuildFile; fileRef = 71AF14EF294E05EF006FD2C8 /* SearchBar.swift */; };
		71AF1500294E05EF006FD2C8 /* AdaptiveView.swift in Sources */ = {isa = PBXBuildFile; fileRef = 71AF14F1294E05EF006FD2C8 /* AdaptiveView.swift */; };
		71AF1501294E05EF006FD2C8 /* View+ReadSize.swift in Sources */ = {isa = PBXBuildFile; fileRef = 71AF14F2294E05EF006FD2C8 /* View+ReadSize.swift */; };
		71AF1502294E05EF006FD2C8 /* MyTextField.swift in Sources */ = {isa = PBXBuildFile; fileRef = 71AF14F3294E05EF006FD2C8 /* MyTextField.swift */; };
		71AF1503294E05EF006FD2C8 /* HoleStyle.swift in Sources */ = {isa = PBXBuildFile; fileRef = 71AF14F4294E05EF006FD2C8 /* HoleStyle.swift */; };
		71AF1504294E05EF006FD2C8 /* myDateFormatter.swift in Sources */ = {isa = PBXBuildFile; fileRef = 71AF14F5294E05EF006FD2C8 /* myDateFormatter.swift */; };
		71AF1505294E05EF006FD2C8 /* SectionHeader.swift in Sources */ = {isa = PBXBuildFile; fileRef = 71AF14F6294E05EF006FD2C8 /* SectionHeader.swift */; };
		71AF1509294E05FD006FD2C8 /* MyDefaults.swift in Sources */ = {isa = PBXBuildFile; fileRef = 71AF1507294E05FD006FD2C8 /* MyDefaults.swift */; };
		71AF150A294E05FD006FD2C8 /* myColors.swift in Sources */ = {isa = PBXBuildFile; fileRef = 71AF1508294E05FD006FD2C8 /* myColors.swift */; };
		71AF1517294E0609006FD2C8 /* Model.swift in Sources */ = {isa = PBXBuildFile; fileRef = 71AF150D294E0609006FD2C8 /* Model.swift */; };
		71AF1518294E0609006FD2C8 /* PlayerModel.swift in Sources */ = {isa = PBXBuildFile; fileRef = 71AF150E294E0609006FD2C8 /* PlayerModel.swift */; };
		71AF1519294E0609006FD2C8 /* BoardModel.swift in Sources */ = {isa = PBXBuildFile; fileRef = 71AF150F294E0609006FD2C8 /* BoardModel.swift */; };
		71AF151A294E0609006FD2C8 /* GameModel.swift in Sources */ = {isa = PBXBuildFile; fileRef = 71AF1510294E0609006FD2C8 /* GameModel.swift */; };
		71AF151B294E0609006FD2C8 /* CloudKitUtility.swift in Sources */ = {isa = PBXBuildFile; fileRef = 71AF1511294E0609006FD2C8 /* CloudKitUtility.swift */; };
		71AF151C294E0609006FD2C8 /* BoardRec.swift in Sources */ = {isa = PBXBuildFile; fileRef = 71AF1513294E0609006FD2C8 /* BoardRec.swift */; };
		71AF151D294E0609006FD2C8 /* GameRec.swift in Sources */ = {isa = PBXBuildFile; fileRef = 71AF1514294E0609006FD2C8 /* GameRec.swift */; };
		71AF151E294E0609006FD2C8 /* PlayerRec.swift in Sources */ = {isa = PBXBuildFile; fileRef = 71AF1515294E0609006FD2C8 /* PlayerRec.swift */; };
		71AF151F294E0609006FD2C8 /* myRecordType.swift in Sources */ = {isa = PBXBuildFile; fileRef = 71AF1516294E0609006FD2C8 /* myRecordType.swift */; };
		71AF152F294E0617006FD2C8 /* PlayersListView.swift in Sources */ = {isa = PBXBuildFile; fileRef = 71AF1522294E0617006FD2C8 /* PlayersListView.swift */; };
		71AF1530294E0617006FD2C8 /* PlayersMaintenanceView.swift in Sources */ = {isa = PBXBuildFile; fileRef = 71AF1523294E0617006FD2C8 /* PlayersMaintenanceView.swift */; };
		71AF1531294E0617006FD2C8 /* GameEntryView.swift in Sources */ = {isa = PBXBuildFile; fileRef = 71AF1525294E0617006FD2C8 /* GameEntryView.swift */; };
		71AF1532294E0617006FD2C8 /* GamesListView.swift in Sources */ = {isa = PBXBuildFile; fileRef = 71AF1526294E0617006FD2C8 /* GamesListView.swift */; };
		71AF1533294E0617006FD2C8 /* GamesMaintenanceView.swift in Sources */ = {isa = PBXBuildFile; fileRef = 71AF1527294E0617006FD2C8 /* GamesMaintenanceView.swift */; };
		71AF1534294E0617006FD2C8 /* PlayersGamesView.swift in Sources */ = {isa = PBXBuildFile; fileRef = 71AF1528294E0617006FD2C8 /* PlayersGamesView.swift */; };
		71AF1535294E0617006FD2C8 /* ColorMaintenanceView.swift in Sources */ = {isa = PBXBuildFile; fileRef = 71AF1529294E0617006FD2C8 /* ColorMaintenanceView.swift */; };
		71AF1536294E0617006FD2C8 /* BoardsMaintenanceView.swift in Sources */ = {isa = PBXBuildFile; fileRef = 71AF152B294E0617006FD2C8 /* BoardsMaintenanceView.swift */; };
		71AF1537294E0617006FD2C8 /* BoardsListView.swift in Sources */ = {isa = PBXBuildFile; fileRef = 71AF152C294E0617006FD2C8 /* BoardsListView.swift */; };
		71AF1539294E0617006FD2C8 /* ColorDefaults.swift in Sources */ = {isa = PBXBuildFile; fileRef = 71AF152E294E0617006FD2C8 /* ColorDefaults.swift */; };
		71AF153B2952660C006FD2C8 /* FireworkParticlesGeometryEffect.swift in Sources */ = {isa = PBXBuildFile; fileRef = 71AF153A2952660C006FD2C8 /* FireworkParticlesGeometryEffect.swift */; };
		71AF153D29526656006FD2C8 /* ParticlesModifier.swift in Sources */ = {isa = PBXBuildFile; fileRef = 71AF153C29526656006FD2C8 /* ParticlesModifier.swift */; };
		71AF153F29526751006FD2C8 /* FireworkParticlesContentView.swift in Sources */ = {isa = PBXBuildFile; fileRef = 71AF153E29526751006FD2C8 /* FireworkParticlesContentView.swift */; };
		71B3FD782C594F2500A8FB50 /* checkCondition.swift in Sources */ = {isa = PBXBuildFile; fileRef = 71B3FD772C594F2500A8FB50 /* checkCondition.swift */; };
		71B3FD7A2C59512D00A8FB50 /* BoardMessage.swift in Sources */ = {isa = PBXBuildFile; fileRef = 71B3FD792C59512D00A8FB50 /* BoardMessage.swift */; };
		71B3FD7C2C597BF800A8FB50 /* BoardMessageModel.swift in Sources */ = {isa = PBXBuildFile; fileRef = 71B3FD7B2C597BF800A8FB50 /* BoardMessageModel.swift */; };
		71B3FD7F2C59880300A8FB50 /* BoardMessageView.swift in Sources */ = {isa = PBXBuildFile; fileRef = 71B3FD7E2C59880300A8FB50 /* BoardMessageView.swift */; };
		71B3FD812C5993C400A8FB50 /* BoardMessageMaintenanceView.swift in Sources */ = {isa = PBXBuildFile; fileRef = 71B3FD802C5993C400A8FB50 /* BoardMessageMaintenanceView.swift */; };
		71B3FD9D2C5CF63100A8FB50 /* TextSpinner.swift in Sources */ = {isa = PBXBuildFile; fileRef = 71B3FD9C2C5CF63000A8FB50 /* TextSpinner.swift */; };
		71BC04062BA3847E001C49F1 /* versionAndBuildNumber.swift in Sources */ = {isa = PBXBuildFile; fileRef = 71BC04052BA3847E001C49F1 /* versionAndBuildNumber.swift */; };
		71D089272B1A09CB00385B33 /* csvHeading.swift in Sources */ = {isa = PBXBuildFile; fileRef = 71D089262B1A09CB00385B33 /* csvHeading.swift */; };
		71D089292B1A0DAF00385B33 /* csvFileHandling.swift in Sources */ = {isa = PBXBuildFile; fileRef = 71D089282B1A0DAF00385B33 /* csvFileHandling.swift */; };
		71D0892B2B1A2EB700385B33 /* csvExportImport.swift in Sources */ = {isa = PBXBuildFile; fileRef = 71D0892A2B1A2EB700385B33 /* csvExportImport.swift */; };
/* End PBXBuildFile section */

/* Begin PBXFileReference section */
		710FADD82B6EC90C00945F60 /* myShake.swift */ = {isa = PBXFileReference; lastKnownFileType = sourcecode.swift; path = myShake.swift; sourceTree = "<group>"; };
		71AF14C7294D3A5F006FD2C8 /* GameTrackerrbq.app */ = {isa = PBXFileReference; explicitFileType = wrapper.application; includeInIndex = 0; path = GameTrackerrbq.app; sourceTree = BUILT_PRODUCTS_DIR; };
		71AF14CA294D3A5F006FD2C8 /* GameTrackerrbqApp.swift */ = {isa = PBXFileReference; lastKnownFileType = sourcecode.swift; path = GameTrackerrbqApp.swift; sourceTree = "<group>"; };
		71AF14CC294D3A5F006FD2C8 /* ContentView.swift */ = {isa = PBXFileReference; lastKnownFileType = sourcecode.swift; path = ContentView.swift; sourceTree = "<group>"; };
		71AF14CE294D3A61006FD2C8 /* Assets.xcassets */ = {isa = PBXFileReference; lastKnownFileType = folder.assetcatalog; path = Assets.xcassets; sourceTree = "<group>"; };
		71AF14D1294D3A61006FD2C8 /* Preview Assets.xcassets */ = {isa = PBXFileReference; lastKnownFileType = folder.assetcatalog; path = "Preview Assets.xcassets"; sourceTree = "<group>"; };
		71AF14D8294D3B91006FD2C8 /* GameTrackerrbq.entitlements */ = {isa = PBXFileReference; lastKnownFileType = text.plist.entitlements; path = GameTrackerrbq.entitlements; sourceTree = "<group>"; };
		71AF14DD294E057A006FD2C8 /* MaintenanceView.swift */ = {isa = PBXFileReference; fileEncoding = 4; lastKnownFileType = sourcecode.swift; path = MaintenanceView.swift; sourceTree = "<group>"; };
		71AF14DE294E057A006FD2C8 /* MenuDriver.swift */ = {isa = PBXFileReference; fileEncoding = 4; lastKnownFileType = sourcecode.swift; path = MenuDriver.swift; sourceTree = "<group>"; };
		71AF14DF294E057A006FD2C8 /* LoginView.swift */ = {isa = PBXFileReference; fileEncoding = 4; lastKnownFileType = sourcecode.swift; path = LoginView.swift; sourceTree = "<group>"; };
		71AF14E0294E057A006FD2C8 /* ReportingView.swift */ = {isa = PBXFileReference; fileEncoding = 4; lastKnownFileType = sourcecode.swift; path = ReportingView.swift; sourceTree = "<group>"; };
		71AF14E6294E05EF006FD2C8 /* Logging.swift */ = {isa = PBXFileReference; fileEncoding = 4; lastKnownFileType = sourcecode.swift; path = Logging.swift; sourceTree = "<group>"; };
		71AF14E7294E05EF006FD2C8 /* StateManager.swift */ = {isa = PBXFileReference; fileEncoding = 4; lastKnownFileType = sourcecode.swift; path = StateManager.swift; sourceTree = "<group>"; };
		71AF14E8294E05EF006FD2C8 /* Logger.swift */ = {isa = PBXFileReference; fileEncoding = 4; lastKnownFileType = sourcecode.swift; path = Logger.swift; sourceTree = "<group>"; };
		71AF14E9294E05EF006FD2C8 /* DeviceRotation.swift */ = {isa = PBXFileReference; fileEncoding = 4; lastKnownFileType = sourcecode.swift; path = DeviceRotation.swift; sourceTree = "<group>"; };
		71AF14EB294E05EF006FD2C8 /* PopoverLink.swift */ = {isa = PBXFileReference; fileEncoding = 4; lastKnownFileType = sourcecode.swift; path = PopoverLink.swift; sourceTree = "<group>"; };
		71AF14EC294E05EF006FD2C8 /* PopoverBarView.swift */ = {isa = PBXFileReference; fileEncoding = 4; lastKnownFileType = sourcecode.swift; path = PopoverBarView.swift; sourceTree = "<group>"; };
		71AF14ED294E05EF006FD2C8 /* ButtonModifiers.swift */ = {isa = PBXFileReference; fileEncoding = 4; lastKnownFileType = sourcecode.swift; path = ButtonModifiers.swift; sourceTree = "<group>"; };
		71AF14EE294E05EF006FD2C8 /* myGradients.swift */ = {isa = PBXFileReference; fileEncoding = 4; lastKnownFileType = sourcecode.swift; path = myGradients.swift; sourceTree = "<group>"; };
		71AF14EF294E05EF006FD2C8 /* SearchBar.swift */ = {isa = PBXFileReference; fileEncoding = 4; lastKnownFileType = sourcecode.swift; path = SearchBar.swift; sourceTree = "<group>"; };
		71AF14F1294E05EF006FD2C8 /* AdaptiveView.swift */ = {isa = PBXFileReference; fileEncoding = 4; lastKnownFileType = sourcecode.swift; path = AdaptiveView.swift; sourceTree = "<group>"; };
		71AF14F2294E05EF006FD2C8 /* View+ReadSize.swift */ = {isa = PBXFileReference; fileEncoding = 4; lastKnownFileType = sourcecode.swift; path = "View+ReadSize.swift"; sourceTree = "<group>"; };
		71AF14F3294E05EF006FD2C8 /* MyTextField.swift */ = {isa = PBXFileReference; fileEncoding = 4; lastKnownFileType = sourcecode.swift; path = MyTextField.swift; sourceTree = "<group>"; };
		71AF14F4294E05EF006FD2C8 /* HoleStyle.swift */ = {isa = PBXFileReference; fileEncoding = 4; lastKnownFileType = sourcecode.swift; path = HoleStyle.swift; sourceTree = "<group>"; };
		71AF14F5294E05EF006FD2C8 /* myDateFormatter.swift */ = {isa = PBXFileReference; fileEncoding = 4; lastKnownFileType = sourcecode.swift; path = myDateFormatter.swift; sourceTree = "<group>"; };
		71AF14F6294E05EF006FD2C8 /* SectionHeader.swift */ = {isa = PBXFileReference; fileEncoding = 4; lastKnownFileType = sourcecode.swift; path = SectionHeader.swift; sourceTree = "<group>"; };
		71AF1507294E05FD006FD2C8 /* MyDefaults.swift */ = {isa = PBXFileReference; fileEncoding = 4; lastKnownFileType = sourcecode.swift; path = MyDefaults.swift; sourceTree = "<group>"; };
		71AF1508294E05FD006FD2C8 /* myColors.swift */ = {isa = PBXFileReference; fileEncoding = 4; lastKnownFileType = sourcecode.swift; path = myColors.swift; sourceTree = "<group>"; };
		71AF150D294E0609006FD2C8 /* Model.swift */ = {isa = PBXFileReference; fileEncoding = 4; lastKnownFileType = sourcecode.swift; path = Model.swift; sourceTree = "<group>"; };
		71AF150E294E0609006FD2C8 /* PlayerModel.swift */ = {isa = PBXFileReference; fileEncoding = 4; lastKnownFileType = sourcecode.swift; path = PlayerModel.swift; sourceTree = "<group>"; };
		71AF150F294E0609006FD2C8 /* BoardModel.swift */ = {isa = PBXFileReference; fileEncoding = 4; lastKnownFileType = sourcecode.swift; path = BoardModel.swift; sourceTree = "<group>"; };
		71AF1510294E0609006FD2C8 /* GameModel.swift */ = {isa = PBXFileReference; fileEncoding = 4; lastKnownFileType = sourcecode.swift; path = GameModel.swift; sourceTree = "<group>"; };
		71AF1511294E0609006FD2C8 /* CloudKitUtility.swift */ = {isa = PBXFileReference; fileEncoding = 4; lastKnownFileType = sourcecode.swift; path = CloudKitUtility.swift; sourceTree = "<group>"; };
		71AF1513294E0609006FD2C8 /* BoardRec.swift */ = {isa = PBXFileReference; fileEncoding = 4; lastKnownFileType = sourcecode.swift; path = BoardRec.swift; sourceTree = "<group>"; };
		71AF1514294E0609006FD2C8 /* GameRec.swift */ = {isa = PBXFileReference; fileEncoding = 4; lastKnownFileType = sourcecode.swift; path = GameRec.swift; sourceTree = "<group>"; };
		71AF1515294E0609006FD2C8 /* PlayerRec.swift */ = {isa = PBXFileReference; fileEncoding = 4; lastKnownFileType = sourcecode.swift; path = PlayerRec.swift; sourceTree = "<group>"; };
		71AF1516294E0609006FD2C8 /* myRecordType.swift */ = {isa = PBXFileReference; fileEncoding = 4; lastKnownFileType = sourcecode.swift; path = myRecordType.swift; sourceTree = "<group>"; };
		71AF1522294E0617006FD2C8 /* PlayersListView.swift */ = {isa = PBXFileReference; fileEncoding = 4; lastKnownFileType = sourcecode.swift; path = PlayersListView.swift; sourceTree = "<group>"; };
		71AF1523294E0617006FD2C8 /* PlayersMaintenanceView.swift */ = {isa = PBXFileReference; fileEncoding = 4; lastKnownFileType = sourcecode.swift; path = PlayersMaintenanceView.swift; sourceTree = "<group>"; };
		71AF1525294E0617006FD2C8 /* GameEntryView.swift */ = {isa = PBXFileReference; fileEncoding = 4; lastKnownFileType = sourcecode.swift; path = GameEntryView.swift; sourceTree = "<group>"; };
		71AF1526294E0617006FD2C8 /* GamesListView.swift */ = {isa = PBXFileReference; fileEncoding = 4; lastKnownFileType = sourcecode.swift; path = GamesListView.swift; sourceTree = "<group>"; };
		71AF1527294E0617006FD2C8 /* GamesMaintenanceView.swift */ = {isa = PBXFileReference; fileEncoding = 4; lastKnownFileType = sourcecode.swift; path = GamesMaintenanceView.swift; sourceTree = "<group>"; };
		71AF1528294E0617006FD2C8 /* PlayersGamesView.swift */ = {isa = PBXFileReference; fileEncoding = 4; lastKnownFileType = sourcecode.swift; path = PlayersGamesView.swift; sourceTree = "<group>"; };
		71AF1529294E0617006FD2C8 /* ColorMaintenanceView.swift */ = {isa = PBXFileReference; fileEncoding = 4; lastKnownFileType = sourcecode.swift; path = ColorMaintenanceView.swift; sourceTree = "<group>"; };
		71AF152B294E0617006FD2C8 /* BoardsMaintenanceView.swift */ = {isa = PBXFileReference; fileEncoding = 4; lastKnownFileType = sourcecode.swift; path = BoardsMaintenanceView.swift; sourceTree = "<group>"; };
		71AF152C294E0617006FD2C8 /* BoardsListView.swift */ = {isa = PBXFileReference; fileEncoding = 4; lastKnownFileType = sourcecode.swift; path = BoardsListView.swift; sourceTree = "<group>"; };
		71AF152E294E0617006FD2C8 /* ColorDefaults.swift */ = {isa = PBXFileReference; fileEncoding = 4; lastKnownFileType = sourcecode.swift; path = ColorDefaults.swift; sourceTree = "<group>"; };
		71AF153A2952660C006FD2C8 /* FireworkParticlesGeometryEffect.swift */ = {isa = PBXFileReference; lastKnownFileType = sourcecode.swift; path = FireworkParticlesGeometryEffect.swift; sourceTree = "<group>"; };
		71AF153C29526656006FD2C8 /* ParticlesModifier.swift */ = {isa = PBXFileReference; lastKnownFileType = sourcecode.swift; path = ParticlesModifier.swift; sourceTree = "<group>"; };
		71AF153E29526751006FD2C8 /* FireworkParticlesContentView.swift */ = {isa = PBXFileReference; lastKnownFileType = sourcecode.swift; path = FireworkParticlesContentView.swift; sourceTree = "<group>"; };
		71B3FD772C594F2500A8FB50 /* checkCondition.swift */ = {isa = PBXFileReference; lastKnownFileType = sourcecode.swift; path = checkCondition.swift; sourceTree = "<group>"; };
		71B3FD792C59512D00A8FB50 /* BoardMessage.swift */ = {isa = PBXFileReference; lastKnownFileType = sourcecode.swift; path = BoardMessage.swift; sourceTree = "<group>"; };
		71B3FD7B2C597BF800A8FB50 /* BoardMessageModel.swift */ = {isa = PBXFileReference; lastKnownFileType = sourcecode.swift; path = BoardMessageModel.swift; sourceTree = "<group>"; };
		71B3FD7E2C59880300A8FB50 /* BoardMessageView.swift */ = {isa = PBXFileReference; lastKnownFileType = sourcecode.swift; path = BoardMessageView.swift; sourceTree = "<group>"; };
		71B3FD802C5993C400A8FB50 /* BoardMessageMaintenanceView.swift */ = {isa = PBXFileReference; lastKnownFileType = sourcecode.swift; path = BoardMessageMaintenanceView.swift; sourceTree = "<group>"; };
		71B3FD9C2C5CF63000A8FB50 /* TextSpinner.swift */ = {isa = PBXFileReference; lastKnownFileType = sourcecode.swift; path = TextSpinner.swift; sourceTree = "<group>"; };
		71BC04052BA3847E001C49F1 /* versionAndBuildNumber.swift */ = {isa = PBXFileReference; fileEncoding = 4; lastKnownFileType = sourcecode.swift; path = versionAndBuildNumber.swift; sourceTree = "<group>"; };
		71D089262B1A09CB00385B33 /* csvHeading.swift */ = {isa = PBXFileReference; lastKnownFileType = sourcecode.swift; path = csvHeading.swift; sourceTree = "<group>"; };
		71D089282B1A0DAF00385B33 /* csvFileHandling.swift */ = {isa = PBXFileReference; lastKnownFileType = sourcecode.swift; path = csvFileHandling.swift; sourceTree = "<group>"; };
		71D0892A2B1A2EB700385B33 /* csvExportImport.swift */ = {isa = PBXFileReference; lastKnownFileType = sourcecode.swift; path = csvExportImport.swift; sourceTree = "<group>"; };
/* End PBXFileReference section */

/* Begin PBXFrameworksBuildPhase section */
		71AF14C4294D3A5F006FD2C8 /* Frameworks */ = {
			isa = PBXFrameworksBuildPhase;
			buildActionMask = 2147483647;
			files = (
				71AF14DB294D3CC4006FD2C8 /* AlertKit in Frameworks */,
			);
			runOnlyForDeploymentPostprocessing = 0;
		};
/* End PBXFrameworksBuildPhase section */

/* Begin PBXGroup section */
		71AF14BE294D3A5F006FD2C8 = {
			isa = PBXGroup;
			children = (
				71AF14C9294D3A5F006FD2C8 /* GameTrackerrbq */,
				71AF14C8294D3A5F006FD2C8 /* Products */,
			);
			sourceTree = "<group>";
		};
		71AF14C8294D3A5F006FD2C8 /* Products */ = {
			isa = PBXGroup;
			children = (
				71AF14C7294D3A5F006FD2C8 /* GameTrackerrbq.app */,
			);
			name = Products;
			sourceTree = "<group>";
		};
		71AF14C9294D3A5F006FD2C8 /* GameTrackerrbq */ = {
			isa = PBXGroup;
			children = (
				71AF1520294E0617006FD2C8 /* Views Group */,
				71AF150B294E0609006FD2C8 /* CloudKit Group */,
				71AF1506294E05FD006FD2C8 /* Dependant Stuff */,
				71AF14E5294E05EF006FD2C8 /* MyStuff */,
				71AF14DC294E057A006FD2C8 /* Menu Group */,
				71AF14D8294D3B91006FD2C8 /* GameTrackerrbq.entitlements */,
				71AF14CA294D3A5F006FD2C8 /* GameTrackerrbqApp.swift */,
				71AF14CC294D3A5F006FD2C8 /* ContentView.swift */,
				71AF14CE294D3A61006FD2C8 /* Assets.xcassets */,
				71AF14D0294D3A61006FD2C8 /* Preview Content */,
			);
			path = GameTrackerrbq;
			sourceTree = "<group>";
		};
		71AF14D0294D3A61006FD2C8 /* Preview Content */ = {
			isa = PBXGroup;
			children = (
				71AF14D1294D3A61006FD2C8 /* Preview Assets.xcassets */,
			);
			path = "Preview Content";
			sourceTree = "<group>";
		};
		71AF14DC294E057A006FD2C8 /* Menu Group */ = {
			isa = PBXGroup;
			children = (
				71AF14DD294E057A006FD2C8 /* MaintenanceView.swift */,
				71AF14DE294E057A006FD2C8 /* MenuDriver.swift */,
				71AF14DF294E057A006FD2C8 /* LoginView.swift */,
				71AF14E0294E057A006FD2C8 /* ReportingView.swift */,
			);
			path = "Menu Group";
			sourceTree = "<group>";
		};
		71AF14E5294E05EF006FD2C8 /* MyStuff */ = {
			isa = PBXGroup;
			children = (
				71BC04052BA3847E001C49F1 /* versionAndBuildNumber.swift */,
				71D089252B1A097A00385B33 /* csvGroup */,
				71AF14E6294E05EF006FD2C8 /* Logging.swift */,
				71AF14E7294E05EF006FD2C8 /* StateManager.swift */,
				71AF14E8294E05EF006FD2C8 /* Logger.swift */,
				71AF14E9294E05EF006FD2C8 /* DeviceRotation.swift */,
				71AF14EA294E05EF006FD2C8 /* PopoveLink */,
				71AF14ED294E05EF006FD2C8 /* ButtonModifiers.swift */,
				71AF14EE294E05EF006FD2C8 /* myGradients.swift */,
				71AF14EF294E05EF006FD2C8 /* SearchBar.swift */,
				71AF14F0294E05EF006FD2C8 /* AdaptiveViewGroup */,
				71AF14F3294E05EF006FD2C8 /* MyTextField.swift */,
				71AF14F4294E05EF006FD2C8 /* HoleStyle.swift */,
				71AF14F5294E05EF006FD2C8 /* myDateFormatter.swift */,
				71AF14F6294E05EF006FD2C8 /* SectionHeader.swift */,
				71AF1540295267D5006FD2C8 /* Fireworks */,
				710FADD82B6EC90C00945F60 /* myShake.swift */,
				71B3FD772C594F2500A8FB50 /* checkCondition.swift */,
				71B3FD9C2C5CF63000A8FB50 /* TextSpinner.swift */,
			);
			path = MyStuff;
			sourceTree = "<group>";
		};
		71AF14EA294E05EF006FD2C8 /* PopoveLink */ = {
			isa = PBXGroup;
			children = (
				71AF14EB294E05EF006FD2C8 /* PopoverLink.swift */,
				71AF14EC294E05EF006FD2C8 /* PopoverBarView.swift */,
			);
			path = PopoveLink;
			sourceTree = "<group>";
		};
		71AF14F0294E05EF006FD2C8 /* AdaptiveViewGroup */ = {
			isa = PBXGroup;
			children = (
				71AF14F1294E05EF006FD2C8 /* AdaptiveView.swift */,
				71AF14F2294E05EF006FD2C8 /* View+ReadSize.swift */,
			);
			path = AdaptiveViewGroup;
			sourceTree = "<group>";
		};
		71AF1506294E05FD006FD2C8 /* Dependant Stuff */ = {
			isa = PBXGroup;
			children = (
				71AF1507294E05FD006FD2C8 /* MyDefaults.swift */,
				71AF1508294E05FD006FD2C8 /* myColors.swift */,
			);
			path = "Dependant Stuff";
			sourceTree = "<group>";
		};
		71AF150B294E0609006FD2C8 /* CloudKit Group */ = {
			isa = PBXGroup;
			children = (
				71AF150C294E0609006FD2C8 /* Model Group */,
				71AF1511294E0609006FD2C8 /* CloudKitUtility.swift */,
				71AF1512294E0609006FD2C8 /* Record Group */,
			);
			path = "CloudKit Group";
			sourceTree = "<group>";
		};
		71AF150C294E0609006FD2C8 /* Model Group */ = {
			isa = PBXGroup;
			children = (
				71AF150D294E0609006FD2C8 /* Model.swift */,
				71AF150E294E0609006FD2C8 /* PlayerModel.swift */,
				71AF150F294E0609006FD2C8 /* BoardModel.swift */,
				71AF1510294E0609006FD2C8 /* GameModel.swift */,
				71B3FD7B2C597BF800A8FB50 /* BoardMessageModel.swift */,
			);
			path = "Model Group";
			sourceTree = "<group>";
		};
		71AF1512294E0609006FD2C8 /* Record Group */ = {
			isa = PBXGroup;
			children = (
				71AF1513294E0609006FD2C8 /* BoardRec.swift */,
				71AF1514294E0609006FD2C8 /* GameRec.swift */,
				71AF1515294E0609006FD2C8 /* PlayerRec.swift */,
				71AF1516294E0609006FD2C8 /* myRecordType.swift */,
				71B3FD792C59512D00A8FB50 /* BoardMessage.swift */,
			);
			path = "Record Group";
			sourceTree = "<group>";
		};
		71AF1520294E0617006FD2C8 /* Views Group */ = {
			isa = PBXGroup;
			children = (
				71B3FD7D2C5987E300A8FB50 /* BoardMessage */,
				71AF1521294E0617006FD2C8 /* Players Views */,
				71AF1524294E0617006FD2C8 /* Games Views */,
				71AF1528294E0617006FD2C8 /* PlayersGamesView.swift */,
				71AF1529294E0617006FD2C8 /* ColorMaintenanceView.swift */,
				71AF152A294E0617006FD2C8 /* Boards Views */,
				71AF152E294E0617006FD2C8 /* ColorDefaults.swift */,
			);
			path = "Views Group";
			sourceTree = "<group>";
		};
		71AF1521294E0617006FD2C8 /* Players Views */ = {
			isa = PBXGroup;
			children = (
				71AF1522294E0617006FD2C8 /* PlayersListView.swift */,
				71AF1523294E0617006FD2C8 /* PlayersMaintenanceView.swift */,
			);
			path = "Players Views";
			sourceTree = "<group>";
		};
		71AF1524294E0617006FD2C8 /* Games Views */ = {
			isa = PBXGroup;
			children = (
				71AF1525294E0617006FD2C8 /* GameEntryView.swift */,
				71AF1526294E0617006FD2C8 /* GamesListView.swift */,
				71AF1527294E0617006FD2C8 /* GamesMaintenanceView.swift */,
			);
			path = "Games Views";
			sourceTree = "<group>";
		};
		71AF152A294E0617006FD2C8 /* Boards Views */ = {
			isa = PBXGroup;
			children = (
				71AF152B294E0617006FD2C8 /* BoardsMaintenanceView.swift */,
				71AF152C294E0617006FD2C8 /* BoardsListView.swift */,
			);
			path = "Boards Views";
			sourceTree = "<group>";
		};
		71AF1540295267D5006FD2C8 /* Fireworks */ = {
			isa = PBXGroup;
			children = (
				71AF153A2952660C006FD2C8 /* FireworkParticlesGeometryEffect.swift */,
				71AF153C29526656006FD2C8 /* ParticlesModifier.swift */,
				71AF153E29526751006FD2C8 /* FireworkParticlesContentView.swift */,
			);
			path = Fireworks;
			sourceTree = "<group>";
		};
		71B3FD7D2C5987E300A8FB50 /* BoardMessage */ = {
			isa = PBXGroup;
			children = (
				71B3FD7E2C59880300A8FB50 /* BoardMessageView.swift */,
				71B3FD802C5993C400A8FB50 /* BoardMessageMaintenanceView.swift */,
			);
			path = BoardMessage;
			sourceTree = "<group>";
		};
		71D089252B1A097A00385B33 /* csvGroup */ = {
			isa = PBXGroup;
			children = (
				71D089262B1A09CB00385B33 /* csvHeading.swift */,
				71D089282B1A0DAF00385B33 /* csvFileHandling.swift */,
				71D0892A2B1A2EB700385B33 /* csvExportImport.swift */,
			);
			path = csvGroup;
			sourceTree = "<group>";
		};
/* End PBXGroup section */

/* Begin PBXNativeTarget section */
		71AF14C6294D3A5F006FD2C8 /* GameTrackerrbq */ = {
			isa = PBXNativeTarget;
			buildConfigurationList = 71AF14D5294D3A61006FD2C8 /* Build configuration list for PBXNativeTarget "GameTrackerrbq" */;
			buildPhases = (
				71AF14C3294D3A5F006FD2C8 /* Sources */,
				71AF14C4294D3A5F006FD2C8 /* Frameworks */,
				71AF14C5294D3A5F006FD2C8 /* Resources */,
			);
			buildRules = (
			);
			dependencies = (
			);
			name = GameTrackerrbq;
			packageProductDependencies = (
				71AF14DA294D3CC4006FD2C8 /* AlertKit */,
			);
			productName = GameTrackerrbq;
			productReference = 71AF14C7294D3A5F006FD2C8 /* GameTrackerrbq.app */;
			productType = "com.apple.product-type.application";
		};
/* End PBXNativeTarget section */

/* Begin PBXProject section */
		71AF14BF294D3A5F006FD2C8 /* Project object */ = {
			isa = PBXProject;
			attributes = {
				BuildIndependentTargetsInParallel = 1;
				LastSwiftUpdateCheck = 1420;
				LastUpgradeCheck = 1420;
				TargetAttributes = {
					71AF14C6294D3A5F006FD2C8 = {
						CreatedOnToolsVersion = 14.2;
					};
				};
			};
			buildConfigurationList = 71AF14C2294D3A5F006FD2C8 /* Build configuration list for PBXProject "GameTrackerrbq" */;
			compatibilityVersion = "Xcode 14.0";
			developmentRegion = en;
			hasScannedForEncodings = 0;
			knownRegions = (
				en,
				Base,
			);
			mainGroup = 71AF14BE294D3A5F006FD2C8;
			packageReferences = (
				71AF14D9294D3CC4006FD2C8 /* XCRemoteSwiftPackageReference "AlertKit" */,
			);
			productRefGroup = 71AF14C8294D3A5F006FD2C8 /* Products */;
			projectDirPath = "";
			projectRoot = "";
			targets = (
				71AF14C6294D3A5F006FD2C8 /* GameTrackerrbq */,
			);
		};
/* End PBXProject section */

/* Begin PBXResourcesBuildPhase section */
		71AF14C5294D3A5F006FD2C8 /* Resources */ = {
			isa = PBXResourcesBuildPhase;
			buildActionMask = 2147483647;
			files = (
				71AF14D2294D3A61006FD2C8 /* Preview Assets.xcassets in Resources */,
				71AF14CF294D3A61006FD2C8 /* Assets.xcassets in Resources */,
			);
			runOnlyForDeploymentPostprocessing = 0;
		};
/* End PBXResourcesBuildPhase section */

/* Begin PBXSourcesBuildPhase section */
		71AF14C3294D3A5F006FD2C8 /* Sources */ = {
			isa = PBXSourcesBuildPhase;
			buildActionMask = 2147483647;
			files = (
				71AF14E2294E057A006FD2C8 /* MenuDriver.swift in Sources */,
				71AF1533294E0617006FD2C8 /* GamesMaintenanceView.swift in Sources */,
				71B3FD7F2C59880300A8FB50 /* BoardMessageView.swift in Sources */,
				71AF151C294E0609006FD2C8 /* BoardRec.swift in Sources */,
				71AF14F8294E05EF006FD2C8 /* StateManager.swift in Sources */,
				71BC04062BA3847E001C49F1 /* versionAndBuildNumber.swift in Sources */,
				71D089292B1A0DAF00385B33 /* csvFileHandling.swift in Sources */,
				71AF14FF294E05EF006FD2C8 /* SearchBar.swift in Sources */,
				71AF1534294E0617006FD2C8 /* PlayersGamesView.swift in Sources */,
				71AF1535294E0617006FD2C8 /* ColorMaintenanceView.swift in Sources */,
				71AF1536294E0617006FD2C8 /* BoardsMaintenanceView.swift in Sources */,
				71B3FD7C2C597BF800A8FB50 /* BoardMessageModel.swift in Sources */,
				71B3FD7A2C59512D00A8FB50 /* BoardMessage.swift in Sources */,
				71AF1502294E05EF006FD2C8 /* MyTextField.swift in Sources */,
				71AF14FB294E05EF006FD2C8 /* PopoverLink.swift in Sources */,
				71AF14E4294E057A006FD2C8 /* ReportingView.swift in Sources */,
				71AF14CD294D3A5F006FD2C8 /* ContentView.swift in Sources */,
				710FADD92B6EC90D00945F60 /* myShake.swift in Sources */,
				71AF153D29526656006FD2C8 /* ParticlesModifier.swift in Sources */,
				71AF151D294E0609006FD2C8 /* GameRec.swift in Sources */,
				71AF153F29526751006FD2C8 /* FireworkParticlesContentView.swift in Sources */,
				71AF1500294E05EF006FD2C8 /* AdaptiveView.swift in Sources */,
				71AF14F9294E05EF006FD2C8 /* Logger.swift in Sources */,
				71AF14F7294E05EF006FD2C8 /* Logging.swift in Sources */,
				71AF1518294E0609006FD2C8 /* PlayerModel.swift in Sources */,
				71AF1530294E0617006FD2C8 /* PlayersMaintenanceView.swift in Sources */,
				71AF14E1294E057A006FD2C8 /* MaintenanceView.swift in Sources */,
				71AF14FA294E05EF006FD2C8 /* DeviceRotation.swift in Sources */,
				71AF1504294E05EF006FD2C8 /* myDateFormatter.swift in Sources */,
				71AF153B2952660C006FD2C8 /* FireworkParticlesGeometryEffect.swift in Sources */,
				71D0892B2B1A2EB700385B33 /* csvExportImport.swift in Sources */,
				71AF1503294E05EF006FD2C8 /* HoleStyle.swift in Sources */,
				71AF1501294E05EF006FD2C8 /* View+ReadSize.swift in Sources */,
				71AF1531294E0617006FD2C8 /* GameEntryView.swift in Sources */,
				71D089272B1A09CB00385B33 /* csvHeading.swift in Sources */,
				71AF152F294E0617006FD2C8 /* PlayersListView.swift in Sources */,
				71AF1517294E0609006FD2C8 /* Model.swift in Sources */,
				71B3FD812C5993C400A8FB50 /* BoardMessageMaintenanceView.swift in Sources */,
				71AF150A294E05FD006FD2C8 /* myColors.swift in Sources */,
				71AF151F294E0609006FD2C8 /* myRecordType.swift in Sources */,
				71AF14FD294E05EF006FD2C8 /* ButtonModifiers.swift in Sources */,
				71AF151B294E0609006FD2C8 /* CloudKitUtility.swift in Sources */,
				71AF1537294E0617006FD2C8 /* BoardsListView.swift in Sources */,
				71AF14E3294E057A006FD2C8 /* LoginView.swift in Sources */,
				71AF151A294E0609006FD2C8 /* GameModel.swift in Sources */,
				71AF151E294E0609006FD2C8 /* PlayerRec.swift in Sources */,
				71AF1505294E05EF006FD2C8 /* SectionHeader.swift in Sources */,
				71AF1532294E0617006FD2C8 /* GamesListView.swift in Sources */,
				71B3FD9D2C5CF63100A8FB50 /* TextSpinner.swift in Sources */,
				71AF14FE294E05EF006FD2C8 /* myGradients.swift in Sources */,
				71AF1539294E0617006FD2C8 /* ColorDefaults.swift in Sources */,
				71AF1509294E05FD006FD2C8 /* MyDefaults.swift in Sources */,
				71AF14FC294E05EF006FD2C8 /* PopoverBarView.swift in Sources */,
				71AF1519294E0609006FD2C8 /* BoardModel.swift in Sources */,
				71AF14CB294D3A5F006FD2C8 /* GameTrackerrbqApp.swift in Sources */,
				71B3FD782C594F2500A8FB50 /* checkCondition.swift in Sources */,
			);
			runOnlyForDeploymentPostprocessing = 0;
		};
/* End PBXSourcesBuildPhase section */

/* Begin XCBuildConfiguration section */
		71AF14D3294D3A61006FD2C8 /* Debug */ = {
			isa = XCBuildConfiguration;
			buildSettings = {
				ALWAYS_SEARCH_USER_PATHS = NO;
				CLANG_ANALYZER_NONNULL = YES;
				CLANG_ANALYZER_NUMBER_OBJECT_CONVERSION = YES_AGGRESSIVE;
				CLANG_CXX_LANGUAGE_STANDARD = "gnu++20";
				CLANG_ENABLE_MODULES = YES;
				CLANG_ENABLE_OBJC_ARC = YES;
				CLANG_ENABLE_OBJC_WEAK = YES;
				CLANG_WARN_BLOCK_CAPTURE_AUTORELEASING = YES;
				CLANG_WARN_BOOL_CONVERSION = YES;
				CLANG_WARN_COMMA = YES;
				CLANG_WARN_CONSTANT_CONVERSION = YES;
				CLANG_WARN_DEPRECATED_OBJC_IMPLEMENTATIONS = YES;
				CLANG_WARN_DIRECT_OBJC_ISA_USAGE = YES_ERROR;
				CLANG_WARN_DOCUMENTATION_COMMENTS = YES;
				CLANG_WARN_EMPTY_BODY = YES;
				CLANG_WARN_ENUM_CONVERSION = YES;
				CLANG_WARN_INFINITE_RECURSION = YES;
				CLANG_WARN_INT_CONVERSION = YES;
				CLANG_WARN_NON_LITERAL_NULL_CONVERSION = YES;
				CLANG_WARN_OBJC_IMPLICIT_RETAIN_SELF = YES;
				CLANG_WARN_OBJC_LITERAL_CONVERSION = YES;
				CLANG_WARN_OBJC_ROOT_CLASS = YES_ERROR;
				CLANG_WARN_QUOTED_INCLUDE_IN_FRAMEWORK_HEADER = YES;
				CLANG_WARN_RANGE_LOOP_ANALYSIS = YES;
				CLANG_WARN_STRICT_PROTOTYPES = YES;
				CLANG_WARN_SUSPICIOUS_MOVE = YES;
				CLANG_WARN_UNGUARDED_AVAILABILITY = YES_AGGRESSIVE;
				CLANG_WARN_UNREACHABLE_CODE = YES;
				CLANG_WARN__DUPLICATE_METHOD_MATCH = YES;
				COPY_PHASE_STRIP = NO;
				DEBUG_INFORMATION_FORMAT = dwarf;
				ENABLE_STRICT_OBJC_MSGSEND = YES;
				ENABLE_TESTABILITY = YES;
				GCC_C_LANGUAGE_STANDARD = gnu11;
				GCC_DYNAMIC_NO_PIC = NO;
				GCC_NO_COMMON_BLOCKS = YES;
				GCC_OPTIMIZATION_LEVEL = 0;
				GCC_PREPROCESSOR_DEFINITIONS = (
					"DEBUG=1",
					"$(inherited)",
				);
				GCC_WARN_64_TO_32_BIT_CONVERSION = YES;
				GCC_WARN_ABOUT_RETURN_TYPE = YES_ERROR;
				GCC_WARN_UNDECLARED_SELECTOR = YES;
				GCC_WARN_UNINITIALIZED_AUTOS = YES_AGGRESSIVE;
				GCC_WARN_UNUSED_FUNCTION = YES;
				GCC_WARN_UNUSED_VARIABLE = YES;
				IPHONEOS_DEPLOYMENT_TARGET = 16.2;
				MTL_ENABLE_DEBUG_INFO = INCLUDE_SOURCE;
				MTL_FAST_MATH = YES;
				ONLY_ACTIVE_ARCH = YES;
				SDKROOT = iphoneos;
				SWIFT_ACTIVE_COMPILATION_CONDITIONS = DEBUG;
				SWIFT_OPTIMIZATION_LEVEL = "-Onone";
			};
			name = Debug;
		};
		71AF14D4294D3A61006FD2C8 /* Release */ = {
			isa = XCBuildConfiguration;
			buildSettings = {
				ALWAYS_SEARCH_USER_PATHS = NO;
				CLANG_ANALYZER_NONNULL = YES;
				CLANG_ANALYZER_NUMBER_OBJECT_CONVERSION = YES_AGGRESSIVE;
				CLANG_CXX_LANGUAGE_STANDARD = "gnu++20";
				CLANG_ENABLE_MODULES = YES;
				CLANG_ENABLE_OBJC_ARC = YES;
				CLANG_ENABLE_OBJC_WEAK = YES;
				CLANG_WARN_BLOCK_CAPTURE_AUTORELEASING = YES;
				CLANG_WARN_BOOL_CONVERSION = YES;
				CLANG_WARN_COMMA = YES;
				CLANG_WARN_CONSTANT_CONVERSION = YES;
				CLANG_WARN_DEPRECATED_OBJC_IMPLEMENTATIONS = YES;
				CLANG_WARN_DIRECT_OBJC_ISA_USAGE = YES_ERROR;
				CLANG_WARN_DOCUMENTATION_COMMENTS = YES;
				CLANG_WARN_EMPTY_BODY = YES;
				CLANG_WARN_ENUM_CONVERSION = YES;
				CLANG_WARN_INFINITE_RECURSION = YES;
				CLANG_WARN_INT_CONVERSION = YES;
				CLANG_WARN_NON_LITERAL_NULL_CONVERSION = YES;
				CLANG_WARN_OBJC_IMPLICIT_RETAIN_SELF = YES;
				CLANG_WARN_OBJC_LITERAL_CONVERSION = YES;
				CLANG_WARN_OBJC_ROOT_CLASS = YES_ERROR;
				CLANG_WARN_QUOTED_INCLUDE_IN_FRAMEWORK_HEADER = YES;
				CLANG_WARN_RANGE_LOOP_ANALYSIS = YES;
				CLANG_WARN_STRICT_PROTOTYPES = YES;
				CLANG_WARN_SUSPICIOUS_MOVE = YES;
				CLANG_WARN_UNGUARDED_AVAILABILITY = YES_AGGRESSIVE;
				CLANG_WARN_UNREACHABLE_CODE = YES;
				CLANG_WARN__DUPLICATE_METHOD_MATCH = YES;
				COPY_PHASE_STRIP = NO;
				DEBUG_INFORMATION_FORMAT = "dwarf-with-dsym";
				ENABLE_NS_ASSERTIONS = NO;
				ENABLE_STRICT_OBJC_MSGSEND = YES;
				GCC_C_LANGUAGE_STANDARD = gnu11;
				GCC_NO_COMMON_BLOCKS = YES;
				GCC_WARN_64_TO_32_BIT_CONVERSION = YES;
				GCC_WARN_ABOUT_RETURN_TYPE = YES_ERROR;
				GCC_WARN_UNDECLARED_SELECTOR = YES;
				GCC_WARN_UNINITIALIZED_AUTOS = YES_AGGRESSIVE;
				GCC_WARN_UNUSED_FUNCTION = YES;
				GCC_WARN_UNUSED_VARIABLE = YES;
				IPHONEOS_DEPLOYMENT_TARGET = 16.2;
				MTL_ENABLE_DEBUG_INFO = NO;
				MTL_FAST_MATH = YES;
				SDKROOT = iphoneos;
				SWIFT_COMPILATION_MODE = wholemodule;
				SWIFT_OPTIMIZATION_LEVEL = "-O";
				VALIDATE_PRODUCT = YES;
			};
			name = Release;
		};
		71AF14D6294D3A61006FD2C8 /* Debug */ = {
			isa = XCBuildConfiguration;
			buildSettings = {
				ASSETCATALOG_COMPILER_APPICON_NAME = AppIcon;
				ASSETCATALOG_COMPILER_GLOBAL_ACCENT_COLOR_NAME = AccentColor;
				CODE_SIGN_ENTITLEMENTS = GameTrackerrbq/GameTrackerrbq.entitlements;
				CODE_SIGN_STYLE = Automatic;
				CURRENT_PROJECT_VERSION = 2;
				DEVELOPMENT_ASSET_PATHS = "\"GameTrackerrbq/Preview Content\"";
				DEVELOPMENT_TEAM = 37U896T65Y;
				ENABLE_PREVIEWS = YES;
				GENERATE_INFOPLIST_FILE = YES;
				INFOPLIST_KEY_UIApplicationSceneManifest_Generation = YES;
				INFOPLIST_KEY_UIApplicationSupportsIndirectInputEvents = YES;
				INFOPLIST_KEY_UILaunchScreen_Generation = YES;
				INFOPLIST_KEY_UISupportedInterfaceOrientations_iPad = "UIInterfaceOrientationPortrait UIInterfaceOrientationPortraitUpsideDown UIInterfaceOrientationLandscapeLeft UIInterfaceOrientationLandscapeRight";
				INFOPLIST_KEY_UISupportedInterfaceOrientations_iPhone = "UIInterfaceOrientationPortrait UIInterfaceOrientationLandscapeLeft UIInterfaceOrientationLandscapeRight";
				LD_RUNPATH_SEARCH_PATHS = (
					"$(inherited)",
					"@executable_path/Frameworks",
				);
				MARKETING_VERSION = 1.0;
				PRODUCT_BUNDLE_IDENTIFIER = com.codewithbrian.GameTrackerrbq;
				PRODUCT_NAME = "$(TARGET_NAME)";
				SWIFT_EMIT_LOC_STRINGS = YES;
				SWIFT_VERSION = 5.0;
				TARGETED_DEVICE_FAMILY = "1,2";
			};
			name = Debug;
		};
		71AF14D7294D3A61006FD2C8 /* Release */ = {
			isa = XCBuildConfiguration;
			buildSettings = {
				ASSETCATALOG_COMPILER_APPICON_NAME = AppIcon;
				ASSETCATALOG_COMPILER_GLOBAL_ACCENT_COLOR_NAME = AccentColor;
				CODE_SIGN_ENTITLEMENTS = GameTrackerrbq/GameTrackerrbq.entitlements;
				CODE_SIGN_STYLE = Automatic;
				CURRENT_PROJECT_VERSION = 2;
				DEVELOPMENT_ASSET_PATHS = "\"GameTrackerrbq/Preview Content\"";
				DEVELOPMENT_TEAM = 37U896T65Y;
				ENABLE_PREVIEWS = YES;
				GENERATE_INFOPLIST_FILE = YES;
				INFOPLIST_KEY_UIApplicationSceneManifest_Generation = YES;
				INFOPLIST_KEY_UIApplicationSupportsIndirectInputEvents = YES;
				INFOPLIST_KEY_UILaunchScreen_Generation = YES;
				INFOPLIST_KEY_UISupportedInterfaceOrientations_iPad = "UIInterfaceOrientationPortrait UIInterfaceOrientationPortraitUpsideDown UIInterfaceOrientationLandscapeLeft UIInterfaceOrientationLandscapeRight";
				INFOPLIST_KEY_UISupportedInterfaceOrientations_iPhone = "UIInterfaceOrientationPortrait UIInterfaceOrientationLandscapeLeft UIInterfaceOrientationLandscapeRight";
				LD_RUNPATH_SEARCH_PATHS = (
					"$(inherited)",
					"@executable_path/Frameworks",
				);
				MARKETING_VERSION = 1.0;
				PRODUCT_BUNDLE_IDENTIFIER = com.codewithbrian.GameTrackerrbq;
				PRODUCT_NAME = "$(TARGET_NAME)";
				SWIFT_EMIT_LOC_STRINGS = YES;
				SWIFT_VERSION = 5.0;
				TARGETED_DEVICE_FAMILY = "1,2";
			};
			name = Release;
		};
/* End XCBuildConfiguration section */

/* Begin XCConfigurationList section */
		71AF14C2294D3A5F006FD2C8 /* Build configuration list for PBXProject "GameTrackerrbq" */ = {
			isa = XCConfigurationList;
			buildConfigurations = (
				71AF14D3294D3A61006FD2C8 /* Debug */,
				71AF14D4294D3A61006FD2C8 /* Release */,
			);
			defaultConfigurationIsVisible = 0;
			defaultConfigurationName = Release;
		};
		71AF14D5294D3A61006FD2C8 /* Build configuration list for PBXNativeTarget "GameTrackerrbq" */ = {
			isa = XCConfigurationList;
			buildConfigurations = (
				71AF14D6294D3A61006FD2C8 /* Debug */,
				71AF14D7294D3A61006FD2C8 /* Release */,
			);
			defaultConfigurationIsVisible = 0;
			defaultConfigurationName = Release;
		};
/* End XCConfigurationList section */

/* Begin XCRemoteSwiftPackageReference section */
		71AF14D9294D3CC4006FD2C8 /* XCRemoteSwiftPackageReference "AlertKit" */ = {
			isa = XCRemoteSwiftPackageReference;
			repositoryURL = "https://github.com/rebeloper/AlertKit.git";
			requirement = {
				kind = upToNextMajorVersion;
				minimumVersion = 0.2.0;
			};
		};
/* End XCRemoteSwiftPackageReference section */

/* Begin XCSwiftPackageProductDependency section */
		71AF14DA294D3CC4006FD2C8 /* AlertKit */ = {
			isa = XCSwiftPackageProductDependency;
			package = 71AF14D9294D3CC4006FD2C8 /* XCRemoteSwiftPackageReference "AlertKit" */;
			productName = AlertKit;
		};
/* End XCSwiftPackageProductDependency section */
	};
	rootObject = 71AF14BF294D3A5F006FD2C8 /* Project object */;
}
